
Microsoft Visual Studio Solution File, Format Version 12.00
# Visual Studio 15
VisualStudioVersion = 15.0.27428.2043
MinimumVisualStudioVersion = 10.0.40219.1
Project("{FAE04EC0-301F-11D3-BF4B-00C04F79EFBC}") = "Gsk.Hack.Schedule.API", "Gsk.Hack.Schedule.API\Gsk.Hack.Schedule.API.csproj", "{3940EF60-FC2A-41D2-ADDC-613900A4A987}"
EndProject
Project("{FAE04EC0-301F-11D3-BF4B-00C04F79EFBC}") = "Gsk.Hack.Schedule.API.Tests", "Gsk.Hack.Schedule.API.Tests\Gsk.Hack.Schedule.API.Tests.csproj", "{87963956-021A-41ED-8298-4C703C05AC69}"
EndProject
Global
	GlobalSection(SolutionConfigurationPlatforms) = preSolution
		Debug|Any CPU = Debug|Any CPU
		Release|Any CPU = Release|Any CPU
	EndGlobalSection
	GlobalSection(ProjectConfigurationPlatforms) = postSolution
		{3940EF60-FC2A-41D2-ADDC-613900A4A987}.Debug|Any CPU.ActiveCfg = Debug|Any CPU
		{3940EF60-FC2A-41D2-ADDC-613900A4A987}.Debug|Any CPU.Build.0 = Debug|Any CPU
		{3940EF60-FC2A-41D2-ADDC-613900A4A987}.Release|Any CPU.ActiveCfg = Release|Any CPU
		{3940EF60-FC2A-41D2-ADDC-613900A4A987}.Release|Any CPU.Build.0 = Release|Any CPU
		{87963956-021A-41ED-8298-4C703C05AC69}.Debug|Any CPU.ActiveCfg = Debug|Any CPU
		{87963956-021A-41ED-8298-4C703C05AC69}.Debug|Any CPU.Build.0 = Debug|Any CPU
		{87963956-021A-41ED-8298-4C703C05AC69}.Release|Any CPU.ActiveCfg = Release|Any CPU
		{87963956-021A-41ED-8298-4C703C05AC69}.Release|Any CPU.Build.0 = Release|Any CPU
	EndGlobalSection
	GlobalSection(SolutionProperties) = preSolution
		HideSolutionNode = FALSE
	EndGlobalSection
	GlobalSection(ExtensibilityGlobals) = postSolution
		SolutionGuid = {BA0924ED-2473-43A4-85C7-E11D5B089CC5}
	EndGlobalSection
EndGlobal
